
Microsoft Visual Studio Solution File, Format Version 12.00
# Visual Studio 14
VisualStudioVersion = 14.0.25420.1
MinimumVisualStudioVersion = 10.0.40219.1
Project("{FAE04EC0-301F-11D3-BF4B-00C04F79EFBC}") = "Mvc_Register1", "Mvc_Register1\Mvc_Register1.csproj", "{FD9AF1B2-2AF1-4E9A-AED6-95CC410A250D}"
EndProject
Global
	GlobalSection(SolutionConfigurationPlatforms) = preSolution
		Debug|Any CPU = Debug|Any CPU
		Release|Any CPU = Release|Any CPU
	EndGlobalSection
	GlobalSection(ProjectConfigurationPlatforms) = postSolution
		{FD9AF1B2-2AF1-4E9A-AED6-95CC410A250D}.Debug|Any CPU.ActiveCfg = Debug|Any CPU
		{FD9AF1B2-2AF1-4E9A-AED6-95CC410A250D}.Debug|Any CPU.Build.0 = Debug|Any CPU
		{FD9AF1B2-2AF1-4E9A-AED6-95CC410A250D}.Release|Any CPU.ActiveCfg = Release|Any CPU
		{FD9AF1B2-2AF1-4E9A-AED6-95CC410A250D}.Release|Any CPU.Build.0 = Release|Any CPU
	EndGlobalSection
	GlobalSection(SolutionProperties) = preSolution
		HideSolutionNode = FALSE
	EndGlobalSection
EndGlobal
